
Microsoft Visual Studio Solution File, Format Version 12.00
# Visual Studio Version 16
VisualStudioVersion = 16.0.30611.23
MinimumVisualStudioVersion = 10.0.40219.1
Project("{FAE04EC0-301F-11D3-BF4B-00C04F79EFBC}") = "Kurs_datebase", "Kurs_datebase\Kurs_datebase.csproj", "{7B803F1C-C3A2-498F-BEAE-29CE87A48D6C}"
EndProject
Global
	GlobalSection(SolutionConfigurationPlatforms) = preSolution
		Debug|Any CPU = Debug|Any CPU
		Release|Any CPU = Release|Any CPU
	EndGlobalSection
	GlobalSection(ProjectConfigurationPlatforms) = postSolution
		{7B803F1C-C3A2-498F-BEAE-29CE87A48D6C}.Debug|Any CPU.ActiveCfg = Debug|Any CPU
		{7B803F1C-C3A2-498F-BEAE-29CE87A48D6C}.Debug|Any CPU.Build.0 = Debug|Any CPU
		{7B803F1C-C3A2-498F-BEAE-29CE87A48D6C}.Release|Any CPU.ActiveCfg = Release|Any CPU
		{7B803F1C-C3A2-498F-BEAE-29CE87A48D6C}.Release|Any CPU.Build.0 = Release|Any CPU
	EndGlobalSection
	GlobalSection(SolutionProperties) = preSolution
		HideSolutionNode = FALSE
	EndGlobalSection
	GlobalSection(ExtensibilityGlobals) = postSolution
		SolutionGuid = {751A5032-AC0C-4A7D-888E-AAD13EC00E77}
	EndGlobalSection
EndGlobal
